{
  "requires": true,
  "lockfileVersion": 1,
  "dependencies": {
    "moment": {
      "version": "2.22.2",
      "resolved": "https://registry.npmjs.org/moment/-/moment-2.22.2.tgz",
      "integrity": "sha1-PCV/mDn8DpP/UxSWMiOeuQeD/2Y="
    },
    "titatoggle": {
      "version": "2.1.2",
      "resolved": "https://registry.npmjs.org/titatoggle/-/titatoggle-2.1.2.tgz",
      "integrity": "sha1-L/gBF+69QAQtuYv+BX/pXhNbb1g="
    }
  }
}
